// !$*UTF8*$!
{
	archiveVersion = 1;
	classes = {
	};
	objectVersion = 55;
	objects = {

/* Begin PBXBuildFile section */
		1B07624928DE129400E6425C /* Page.swift in Sources */ = {isa = PBXBuildFile; fileRef = 1B07624828DE129400E6425C /* Page.swift */; };
		1B07624D28DE13D900E6425C /* LoginControllerView.swift in Sources */ = {isa = PBXBuildFile; fileRef = 1B07624C28DE13D900E6425C /* LoginControllerView.swift */; };
		1B07625328DE1FA100E6425C /* ActCognitivaView.swift in Sources */ = {isa = PBXBuildFile; fileRef = 1B07625228DE1FA100E6425C /* ActCognitivaView.swift */; };
		1B07625528DEDA1800E6425C /* ActSocialView.swift in Sources */ = {isa = PBXBuildFile; fileRef = 1B07625428DEDA1800E6425C /* ActSocialView.swift */; };
		1B07625A28DF9AE200E6425C /* PruebaView.swift in Sources */ = {isa = PBXBuildFile; fileRef = 1B07625928DF9AE200E6425C /* PruebaView.swift */; };
		1B0A08BD28ED359C00A4B190 /* Launch Screen.storyboard in Resources */ = {isa = PBXBuildFile; fileRef = 1B0A08BC28ED359C00A4B190 /* Launch Screen.storyboard */; };
		1B1AFCF028CABDF500193CCE /* LoginView.swift in Sources */ = {isa = PBXBuildFile; fileRef = 1B1AFCEF28CABDF500193CCE /* LoginView.swift */; };
		1B1AFCF528CC35C300193CCE /* RegistroView.swift in Sources */ = {isa = PBXBuildFile; fileRef = 1B1AFCF428CC35C300193CCE /* RegistroView.swift */; };
		1B1AFCF728CD256F00193CCE /* RecuperarContrasenaView.swift in Sources */ = {isa = PBXBuildFile; fileRef = 1B1AFCF628CD256F00193CCE /* RecuperarContrasenaView.swift */; };
		1B1AFCF928CE3A0300193CCE /* HomeView.swift in Sources */ = {isa = PBXBuildFile; fileRef = 1B1AFCF828CE3A0300193CCE /* HomeView.swift */; };
		1B1AFCFB28CEA43B00193CCE /* MenuView.swift in Sources */ = {isa = PBXBuildFile; fileRef = 1B1AFCFA28CEA43B00193CCE /* MenuView.swift */; };
		1B1AFCFD28CEF64E00193CCE /* PruebasView.swift in Sources */ = {isa = PBXBuildFile; fileRef = 1B1AFCFC28CEF64E00193CCE /* PruebasView.swift */; };
		1B1AFCFF28CFB61600193CCE /* AccountView.swift in Sources */ = {isa = PBXBuildFile; fileRef = 1B1AFCFE28CFB61600193CCE /* AccountView.swift */; };
		1B1AFD0328D24A2800193CCE /* ActFisicaView.swift in Sources */ = {isa = PBXBuildFile; fileRef = 1B1AFD0228D24A2800193CCE /* ActFisicaView.swift */; };
		1B1AFD0528D2AB1500193CCE /* Timer-ViewModel.swift in Sources */ = {isa = PBXBuildFile; fileRef = 1B1AFD0428D2AB1500193CCE /* Timer-ViewModel.swift */; };
		1B200D1228FB588C002A8BBF /* FormularioDatosUbicacionView.swift in Sources */ = {isa = PBXBuildFile; fileRef = 1B200D1128FB588C002A8BBF /* FormularioDatosUbicacionView.swift */; };
		1B200FD028EE5AF0001CC1CF /* CambiarFormularioView.swift in Sources */ = {isa = PBXBuildFile; fileRef = 1B200FCF28EE5AF0001CC1CF /* CambiarFormularioView.swift */; };
		1B200FD228EE6157001CC1CF /* RecuperarContrasena2View.swift in Sources */ = {isa = PBXBuildFile; fileRef = 1B200FD128EE6157001CC1CF /* RecuperarContrasena2View.swift */; };
		1B21A58E28CA59210060B598 /* AbuelitosABPApp.swift in Sources */ = {isa = PBXBuildFile; fileRef = 1B21A58D28CA59210060B598 /* AbuelitosABPApp.swift */; };
		1B21A59228CA59240060B598 /* Assets.xcassets in Resources */ = {isa = PBXBuildFile; fileRef = 1B21A59128CA59240060B598 /* Assets.xcassets */; };
		1B21A59528CA59240060B598 /* Preview Assets.xcassets in Resources */ = {isa = PBXBuildFile; fileRef = 1B21A59428CA59240060B598 /* Preview Assets.xcassets */; };
		1B21A59728CA59240060B598 /* Persistence.swift in Sources */ = {isa = PBXBuildFile; fileRef = 1B21A59628CA59240060B598 /* Persistence.swift */; };
		1B21A59A28CA59240060B598 /* AbuelitosABP.xcdatamodeld in Sources */ = {isa = PBXBuildFile; fileRef = 1B21A59828CA59240060B598 /* AbuelitosABP.xcdatamodeld */; };
		1B2AEEDA28F4C56500FF4E8C /* DrawingActView.swift in Sources */ = {isa = PBXBuildFile; fileRef = 1B2AEED928F4C56500FF4E8C /* DrawingActView.swift */; };
		1B2AEEDD28F4DBFB00FF4E8C /* AfectividadView.swift in Sources */ = {isa = PBXBuildFile; fileRef = 1B2AEEDC28F4DBFB00FF4E8C /* AfectividadView.swift */; };
		1B2AEEDF28F5D1AE00FF4E8C /* KeepItUpView.swift in Sources */ = {isa = PBXBuildFile; fileRef = 1B2AEEDE28F5D1AE00FF4E8C /* KeepItUpView.swift */; };
		1B4E9E9B28E51591003A4EC8 /* Prueba.swift in Sources */ = {isa = PBXBuildFile; fileRef = 1B4E9E9A28E51591003A4EC8 /* Prueba.swift */; };
		1B4E9E9D28E51C52003A4EC8 /* PruebaModel.swift in Sources */ = {isa = PBXBuildFile; fileRef = 1B4E9E9C28E51C52003A4EC8 /* PruebaModel.swift */; };
		1B4E9E9F28E523A4003A4EC8 /* PregResp.swift in Sources */ = {isa = PBXBuildFile; fileRef = 1B4E9E9E28E523A4003A4EC8 /* PregResp.swift */; };
		1B4E9EA228E61613003A4EC8 /* CambiarDatosView.swift in Sources */ = {isa = PBXBuildFile; fileRef = 1B4E9EA128E61613003A4EC8 /* CambiarDatosView.swift */; };
		1B700B4428F64457000BC1FA /* ActMovimientoView.swift in Sources */ = {isa = PBXBuildFile; fileRef = 1B700B4328F64457000BC1FA /* ActMovimientoView.swift */; };
		1B700B7528F8F27D000BC1FA /* CoreDataClass.swift in Sources */ = {isa = PBXBuildFile; fileRef = 1B700B7428F8F27D000BC1FA /* CoreDataClass.swift */; };
		1B700B7728F8F2BA000BC1FA /* CoreDataProperties.swift in Sources */ = {isa = PBXBuildFile; fileRef = 1B700B7628F8F2BA000BC1FA /* CoreDataProperties.swift */; };
		1B700B7A28F8F613000BC1FA /* JournalListView.swift in Sources */ = {isa = PBXBuildFile; fileRef = 1B700B7928F8F613000BC1FA /* JournalListView.swift */; };
		1B700B7C28F9BEA6000BC1FA /* JournalDetailView.swift in Sources */ = {isa = PBXBuildFile; fileRef = 1B700B7B28F9BEA6000BC1FA /* JournalDetailView.swift */; };
		1B700B7E28F9BEAF000BC1FA /* JournalRowView.swift in Sources */ = {isa = PBXBuildFile; fileRef = 1B700B7D28F9BEAF000BC1FA /* JournalRowView.swift */; };
		1B700B8028F9BEC6000BC1FA /* Satisfaction.swift in Sources */ = {isa = PBXBuildFile; fileRef = 1B700B7F28F9BEC6000BC1FA /* Satisfaction.swift */; };
		1B700B8228F9BED7000BC1FA /* Enums.swift in Sources */ = {isa = PBXBuildFile; fileRef = 1B700B8128F9BED7000BC1FA /* Enums.swift */; };
		1B700B8628FB2E82000BC1FA /* FormularioDatosPersonalView.swift in Sources */ = {isa = PBXBuildFile; fileRef = 1B700B8528FB2E82000BC1FA /* FormularioDatosPersonalView.swift */; };
		1BE8CF4428FDFED800BC3E22 /* Webservice.swift in Sources */ = {isa = PBXBuildFile; fileRef = 1BE8CF4328FDFED800BC3E22 /* Webservice.swift */; };
		1BE8CF4628FE143B00BC3E22 /* LoginViewModel.swift in Sources */ = {isa = PBXBuildFile; fileRef = 1BE8CF4528FE143B00BC3E22 /* LoginViewModel.swift */; };
		1BE8CF4928FE1E4900BC3E22 /* Alamofire in Frameworks */ = {isa = PBXBuildFile; productRef = 1BE8CF4828FE1E4900BC3E22 /* Alamofire */; };
		1BE8CF4C28FE1E5C00BC3E22 /* SwiftyJSON in Frameworks */ = {isa = PBXBuildFile; productRef = 1BE8CF4B28FE1E5C00BC3E22 /* SwiftyJSON */; };
		1BE8CF4F28FE1E6F00BC3E22 /* Kingfisher in Frameworks */ = {isa = PBXBuildFile; productRef = 1BE8CF4E28FE1E6F00BC3E22 /* Kingfisher */; };
		1BE8CF5128FE206C00BC3E22 /* Constants.swift in Sources */ = {isa = PBXBuildFile; fileRef = 1BE8CF5028FE206B00BC3E22 /* Constants.swift */; };
		1BE8CF5428FF430500BC3E22 /* RegistroViewModel.swift in Sources */ = {isa = PBXBuildFile; fileRef = 1BE8CF5328FF430500BC3E22 /* RegistroViewModel.swift */; };
		1BE8CF5628FFA2B500BC3E22 /* PatientInfoModel.swift in Sources */ = {isa = PBXBuildFile; fileRef = 1BE8CF5528FFA2B500BC3E22 /* PatientInfoModel.swift */; };
		1BE8CF5828FFBCA400BC3E22 /* PatientInfo2Model.swift in Sources */ = {isa = PBXBuildFile; fileRef = 1BE8CF5728FFBCA400BC3E22 /* PatientInfo2Model.swift */; };
		1BE8CF5C2900588200BC3E22 /* LoadAllData.swift in Sources */ = {isa = PBXBuildFile; fileRef = 1BE8CF5B2900588200BC3E22 /* LoadAllData.swift */; };
		1BF3F76E28EB570F009DABCB /* CongratulationsView.swift in Sources */ = {isa = PBXBuildFile; fileRef = 1BF3F76D28EB570F009DABCB /* CongratulationsView.swift */; };
		8A16625C28FC7C1300341DAF /* Respuesta.swift in Sources */ = {isa = PBXBuildFile; fileRef = 8A16625B28FC7C1300341DAF /* Respuesta.swift */; };
/* End PBXBuildFile section */

/* Begin PBXFileReference section */
		1B07624828DE129400E6425C /* Page.swift */ = {isa = PBXFileReference; lastKnownFileType = sourcecode.swift; path = Page.swift; sourceTree = "<group>"; };
		1B07624C28DE13D900E6425C /* LoginControllerView.swift */ = {isa = PBXFileReference; lastKnownFileType = sourcecode.swift; path = LoginControllerView.swift; sourceTree = "<group>"; };
		1B07625228DE1FA100E6425C /* ActCognitivaView.swift */ = {isa = PBXFileReference; lastKnownFileType = sourcecode.swift; path = ActCognitivaView.swift; sourceTree = "<group>"; };
		1B07625428DEDA1800E6425C /* ActSocialView.swift */ = {isa = PBXFileReference; lastKnownFileType = sourcecode.swift; path = ActSocialView.swift; sourceTree = "<group>"; };
		1B07625928DF9AE200E6425C /* PruebaView.swift */ = {isa = PBXFileReference; lastKnownFileType = sourcecode.swift; path = PruebaView.swift; sourceTree = "<group>"; };
		1B0A08BB28ED356D00A4B190 /* Info.plist */ = {isa = PBXFileReference; lastKnownFileType = text.plist; path = Info.plist; sourceTree = "<group>"; };
		1B0A08BC28ED359C00A4B190 /* Launch Screen.storyboard */ = {isa = PBXFileReference; lastKnownFileType = file.storyboard; path = "Launch Screen.storyboard"; sourceTree = "<group>"; };
		1B1AFCEF28CABDF500193CCE /* LoginView.swift */ = {isa = PBXFileReference; lastKnownFileType = sourcecode.swift; path = LoginView.swift; sourceTree = "<group>"; };
		1B1AFCF428CC35C300193CCE /* RegistroView.swift */ = {isa = PBXFileReference; lastKnownFileType = sourcecode.swift; path = RegistroView.swift; sourceTree = "<group>"; };
		1B1AFCF628CD256F00193CCE /* RecuperarContrasenaView.swift */ = {isa = PBXFileReference; lastKnownFileType = sourcecode.swift; path = RecuperarContrasenaView.swift; sourceTree = "<group>"; };
		1B1AFCF828CE3A0300193CCE /* HomeView.swift */ = {isa = PBXFileReference; lastKnownFileType = sourcecode.swift; path = HomeView.swift; sourceTree = "<group>"; };
		1B1AFCFA28CEA43B00193CCE /* MenuView.swift */ = {isa = PBXFileReference; lastKnownFileType = sourcecode.swift; path = MenuView.swift; sourceTree = "<group>"; };
		1B1AFCFC28CEF64E00193CCE /* PruebasView.swift */ = {isa = PBXFileReference; lastKnownFileType = sourcecode.swift; path = PruebasView.swift; sourceTree = "<group>"; };
		1B1AFCFE28CFB61600193CCE /* AccountView.swift */ = {isa = PBXFileReference; lastKnownFileType = sourcecode.swift; path = AccountView.swift; sourceTree = "<group>"; };
		1B1AFD0228D24A2800193CCE /* ActFisicaView.swift */ = {isa = PBXFileReference; lastKnownFileType = sourcecode.swift; path = ActFisicaView.swift; sourceTree = "<group>"; };
		1B1AFD0428D2AB1500193CCE /* Timer-ViewModel.swift */ = {isa = PBXFileReference; lastKnownFileType = sourcecode.swift; path = "Timer-ViewModel.swift"; sourceTree = "<group>"; };
		1B200D1128FB588C002A8BBF /* FormularioDatosUbicacionView.swift */ = {isa = PBXFileReference; lastKnownFileType = sourcecode.swift; path = FormularioDatosUbicacionView.swift; sourceTree = "<group>"; };
		1B200FCF28EE5AF0001CC1CF /* CambiarFormularioView.swift */ = {isa = PBXFileReference; lastKnownFileType = sourcecode.swift; path = CambiarFormularioView.swift; sourceTree = "<group>"; };
		1B200FD128EE6157001CC1CF /* RecuperarContrasena2View.swift */ = {isa = PBXFileReference; lastKnownFileType = sourcecode.swift; path = RecuperarContrasena2View.swift; sourceTree = "<group>"; };
		1B21A58A28CA59210060B598 /* AbuelitosABP.app */ = {isa = PBXFileReference; explicitFileType = wrapper.application; includeInIndex = 0; path = AbuelitosABP.app; sourceTree = BUILT_PRODUCTS_DIR; };
		1B21A58D28CA59210060B598 /* AbuelitosABPApp.swift */ = {isa = PBXFileReference; lastKnownFileType = sourcecode.swift; path = AbuelitosABPApp.swift; sourceTree = "<group>"; };
		1B21A59128CA59240060B598 /* Assets.xcassets */ = {isa = PBXFileReference; lastKnownFileType = folder.assetcatalog; path = Assets.xcassets; sourceTree = "<group>"; };
		1B21A59428CA59240060B598 /* Preview Assets.xcassets */ = {isa = PBXFileReference; lastKnownFileType = folder.assetcatalog; path = "Preview Assets.xcassets"; sourceTree = "<group>"; };
		1B21A59628CA59240060B598 /* Persistence.swift */ = {isa = PBXFileReference; lastKnownFileType = sourcecode.swift; path = Persistence.swift; sourceTree = "<group>"; };
		1B21A59928CA59240060B598 /* AbuelitosABP.xcdatamodel */ = {isa = PBXFileReference; lastKnownFileType = wrapper.xcdatamodel; path = AbuelitosABP.xcdatamodel; sourceTree = "<group>"; };
		1B2AEED928F4C56500FF4E8C /* DrawingActView.swift */ = {isa = PBXFileReference; lastKnownFileType = sourcecode.swift; path = DrawingActView.swift; sourceTree = "<group>"; };
		1B2AEEDC28F4DBFB00FF4E8C /* AfectividadView.swift */ = {isa = PBXFileReference; lastKnownFileType = sourcecode.swift; path = AfectividadView.swift; sourceTree = "<group>"; };
		1B2AEEDE28F5D1AE00FF4E8C /* KeepItUpView.swift */ = {isa = PBXFileReference; lastKnownFileType = sourcecode.swift; path = KeepItUpView.swift; sourceTree = "<group>"; };
		1B4E9E9A28E51591003A4EC8 /* Prueba.swift */ = {isa = PBXFileReference; lastKnownFileType = sourcecode.swift; path = Prueba.swift; sourceTree = "<group>"; };
		1B4E9E9C28E51C52003A4EC8 /* PruebaModel.swift */ = {isa = PBXFileReference; lastKnownFileType = sourcecode.swift; path = PruebaModel.swift; sourceTree = "<group>"; };
		1B4E9E9E28E523A4003A4EC8 /* PregResp.swift */ = {isa = PBXFileReference; lastKnownFileType = sourcecode.swift; path = PregResp.swift; sourceTree = "<group>"; };
		1B4E9EA128E61613003A4EC8 /* CambiarDatosView.swift */ = {isa = PBXFileReference; lastKnownFileType = sourcecode.swift; path = CambiarDatosView.swift; sourceTree = "<group>"; };
		1B700B4328F64457000BC1FA /* ActMovimientoView.swift */ = {isa = PBXFileReference; lastKnownFileType = sourcecode.swift; path = ActMovimientoView.swift; sourceTree = "<group>"; };
		1B700B7428F8F27D000BC1FA /* CoreDataClass.swift */ = {isa = PBXFileReference; lastKnownFileType = sourcecode.swift; path = CoreDataClass.swift; sourceTree = "<group>"; };
		1B700B7628F8F2BA000BC1FA /* CoreDataProperties.swift */ = {isa = PBXFileReference; lastKnownFileType = sourcecode.swift; path = CoreDataProperties.swift; sourceTree = "<group>"; };
		1B700B7928F8F613000BC1FA /* JournalListView.swift */ = {isa = PBXFileReference; lastKnownFileType = sourcecode.swift; path = JournalListView.swift; sourceTree = "<group>"; };
		1B700B7B28F9BEA6000BC1FA /* JournalDetailView.swift */ = {isa = PBXFileReference; lastKnownFileType = sourcecode.swift; path = JournalDetailView.swift; sourceTree = "<group>"; };
		1B700B7D28F9BEAF000BC1FA /* JournalRowView.swift */ = {isa = PBXFileReference; lastKnownFileType = sourcecode.swift; path = JournalRowView.swift; sourceTree = "<group>"; };
		1B700B7F28F9BEC6000BC1FA /* Satisfaction.swift */ = {isa = PBXFileReference; lastKnownFileType = sourcecode.swift; path = Satisfaction.swift; sourceTree = "<group>"; };
		1B700B8128F9BED7000BC1FA /* Enums.swift */ = {isa = PBXFileReference; lastKnownFileType = sourcecode.swift; path = Enums.swift; sourceTree = "<group>"; };
		1B700B8528FB2E82000BC1FA /* FormularioDatosPersonalView.swift */ = {isa = PBXFileReference; lastKnownFileType = sourcecode.swift; path = FormularioDatosPersonalView.swift; sourceTree = "<group>"; };
		1BE8CF4328FDFED800BC3E22 /* Webservice.swift */ = {isa = PBXFileReference; lastKnownFileType = sourcecode.swift; path = Webservice.swift; sourceTree = "<group>"; };
		1BE8CF4528FE143B00BC3E22 /* LoginViewModel.swift */ = {isa = PBXFileReference; lastKnownFileType = sourcecode.swift; path = LoginViewModel.swift; sourceTree = "<group>"; };
		1BE8CF5028FE206B00BC3E22 /* Constants.swift */ = {isa = PBXFileReference; lastKnownFileType = sourcecode.swift; path = Constants.swift; sourceTree = "<group>"; };
		1BE8CF5328FF430500BC3E22 /* RegistroViewModel.swift */ = {isa = PBXFileReference; lastKnownFileType = sourcecode.swift; path = RegistroViewModel.swift; sourceTree = "<group>"; };
		1BE8CF5528FFA2B500BC3E22 /* PatientInfoModel.swift */ = {isa = PBXFileReference; lastKnownFileType = sourcecode.swift; path = PatientInfoModel.swift; sourceTree = "<group>"; };
		1BE8CF5728FFBCA400BC3E22 /* PatientInfo2Model.swift */ = {isa = PBXFileReference; lastKnownFileType = sourcecode.swift; path = PatientInfo2Model.swift; sourceTree = "<group>"; };
		1BE8CF5B2900588200BC3E22 /* LoadAllData.swift */ = {isa = PBXFileReference; lastKnownFileType = sourcecode.swift; path = LoadAllData.swift; sourceTree = "<group>"; };
		1BF3F76D28EB570F009DABCB /* CongratulationsView.swift */ = {isa = PBXFileReference; lastKnownFileType = sourcecode.swift; path = CongratulationsView.swift; sourceTree = "<group>"; };
		8A16625B28FC7C1300341DAF /* Respuesta.swift */ = {isa = PBXFileReference; lastKnownFileType = sourcecode.swift; path = Respuesta.swift; sourceTree = "<group>"; };
/* End PBXFileReference section */

/* Begin PBXFrameworksBuildPhase section */
		1B21A58728CA59210060B598 /* Frameworks */ = {
			isa = PBXFrameworksBuildPhase;
			buildActionMask = 2147483647;
			files = (
				1BE8CF4F28FE1E6F00BC3E22 /* Kingfisher in Frameworks */,
				1BE8CF4C28FE1E5C00BC3E22 /* SwiftyJSON in Frameworks */,
				1BE8CF4928FE1E4900BC3E22 /* Alamofire in Frameworks */,
			);
			runOnlyForDeploymentPostprocessing = 0;
		};
/* End PBXFrameworksBuildPhase section */

/* Begin PBXGroup section */
		1B07624F28DE1C6F00E6425C /* Activities */ = {
			isa = PBXGroup;
			children = (
				1B1AFD0228D24A2800193CCE /* ActFisicaView.swift */,
				1B07625228DE1FA100E6425C /* ActCognitivaView.swift */,
				1B07625428DEDA1800E6425C /* ActSocialView.swift */,
				1B700B4328F64457000BC1FA /* ActMovimientoView.swift */,
			);
			path = Activities;
			sourceTree = "<group>";
		};
		1B07625028DE1CF600E6425C /* Login */ = {
			isa = PBXGroup;
			children = (
				1B07624C28DE13D900E6425C /* LoginControllerView.swift */,
				1B1AFCEF28CABDF500193CCE /* LoginView.swift */,
				1B1AFCF428CC35C300193CCE /* RegistroView.swift */,
				1B200FD128EE6157001CC1CF /* RecuperarContrasena2View.swift */,
				1B1AFCF628CD256F00193CCE /* RecuperarContrasenaView.swift */,
				1B0A08BC28ED359C00A4B190 /* Launch Screen.storyboard */,
			);
			path = Login;
			sourceTree = "<group>";
		};
		1B07625128DE1DEA00E6425C /* Home */ = {
			isa = PBXGroup;
			children = (
				1B700B8528FB2E82000BC1FA /* FormularioDatosPersonalView.swift */,
				1B1AFCF828CE3A0300193CCE /* HomeView.swift */,
				1B1AFCFA28CEA43B00193CCE /* MenuView.swift */,
				1B1AFCFC28CEF64E00193CCE /* PruebasView.swift */,
				1B1AFCFE28CFB61600193CCE /* AccountView.swift */,
				1B200D1128FB588C002A8BBF /* FormularioDatosUbicacionView.swift */,
			);
			path = Home;
			sourceTree = "<group>";
		};
		1B07625628DF9A6E00E6425C /* Pruebas */ = {
			isa = PBXGroup;
			children = (
				1B07625928DF9AE200E6425C /* PruebaView.swift */,
				1BF3F76D28EB570F009DABCB /* CongratulationsView.swift */,
				1B2AEEDE28F5D1AE00FF4E8C /* KeepItUpView.swift */,
			);
			path = Pruebas;
			sourceTree = "<group>";
		};
		1B1AFCEE28CABD8F00193CCE /* Models */ = {
			isa = PBXGroup;
			children = (
				1B07624828DE129400E6425C /* Page.swift */,
				1B1AFD0428D2AB1500193CCE /* Timer-ViewModel.swift */,
				1B4E9E9A28E51591003A4EC8 /* Prueba.swift */,
				1B4E9E9C28E51C52003A4EC8 /* PruebaModel.swift */,
				1B4E9E9E28E523A4003A4EC8 /* PregResp.swift */,
				8A16625B28FC7C1300341DAF /* Respuesta.swift */,
				1B700B7428F8F27D000BC1FA /* CoreDataClass.swift */,
				1B700B7628F8F2BA000BC1FA /* CoreDataProperties.swift */,
				1B700B7F28F9BEC6000BC1FA /* Satisfaction.swift */,
				1B700B8128F9BED7000BC1FA /* Enums.swift */,
				1BE8CF4528FE143B00BC3E22 /* LoginViewModel.swift */,
				1BE8CF5028FE206B00BC3E22 /* Constants.swift */,
				1BE8CF5328FF430500BC3E22 /* RegistroViewModel.swift */,
				1BE8CF5528FFA2B500BC3E22 /* PatientInfoModel.swift */,
				1BE8CF5728FFBCA400BC3E22 /* PatientInfo2Model.swift */,
				1BE8CF5B2900588200BC3E22 /* LoadAllData.swift */,
			);
			path = Models;
			sourceTree = "<group>";
		};
		1B21A58128CA59210060B598 = {
			isa = PBXGroup;
			children = (
				1B21A58C28CA59210060B598 /* AbuelitosABP */,
				1B21A58B28CA59210060B598 /* Products */,
			);
			sourceTree = "<group>";
		};
		1B21A58B28CA59210060B598 /* Products */ = {
			isa = PBXGroup;
			children = (
				1B21A58A28CA59210060B598 /* AbuelitosABP.app */,
			);
			name = Products;
			sourceTree = "<group>";
		};
		1B21A58C28CA59210060B598 /* AbuelitosABP */ = {
			isa = PBXGroup;
			children = (
				1B0A08BB28ED356D00A4B190 /* Info.plist */,
				1B21A58D28CA59210060B598 /* AbuelitosABPApp.swift */,
				1BE8CF3E28FDF8F100BC3E22 /* Services */,
				1B1AFCEE28CABD8F00193CCE /* Models */,
				1B07625028DE1CF600E6425C /* Login */,
				1B07625128DE1DEA00E6425C /* Home */,
				1B2AEEDB28F4DB4200FF4E8C /* Afectividad */,
				1B07624F28DE1C6F00E6425C /* Activities */,
				1B700B7828F8F602000BC1FA /* Journal */,
				1B07625628DF9A6E00E6425C /* Pruebas */,
				1B4E9EA028E615EA003A4EC8 /* Account */,
				1B21A59128CA59240060B598 /* Assets.xcassets */,
				1B21A59628CA59240060B598 /* Persistence.swift */,
				1B21A59828CA59240060B598 /* AbuelitosABP.xcdatamodeld */,
				1B21A59328CA59240060B598 /* Preview Content */,
			);
			path = AbuelitosABP;
			sourceTree = "<group>";
		};
		1B21A59328CA59240060B598 /* Preview Content */ = {
			isa = PBXGroup;
			children = (
				1B21A59428CA59240060B598 /* Preview Assets.xcassets */,
			);
			path = "Preview Content";
			sourceTree = "<group>";
		};
		1B2AEEDB28F4DB4200FF4E8C /* Afectividad */ = {
			isa = PBXGroup;
			children = (
				1B2AEED928F4C56500FF4E8C /* DrawingActView.swift */,
				1B2AEEDC28F4DBFB00FF4E8C /* AfectividadView.swift */,
			);
			path = Afectividad;
			sourceTree = "<group>";
		};
		1B4E9EA028E615EA003A4EC8 /* Account */ = {
			isa = PBXGroup;
			children = (
				1B4E9EA128E61613003A4EC8 /* CambiarDatosView.swift */,
				1B200FCF28EE5AF0001CC1CF /* CambiarFormularioView.swift */,
			);
			path = Account;
			sourceTree = "<group>";
		};
		1B700B7828F8F602000BC1FA /* Journal */ = {
			isa = PBXGroup;
			children = (
				1B700B7928F8F613000BC1FA /* JournalListView.swift */,
				1B700B7B28F9BEA6000BC1FA /* JournalDetailView.swift */,
				1B700B7D28F9BEAF000BC1FA /* JournalRowView.swift */,
			);
			path = Journal;
			sourceTree = "<group>";
		};
		1BE8CF3E28FDF8F100BC3E22 /* Services */ = {
			isa = PBXGroup;
			children = (
				1BE8CF4328FDFED800BC3E22 /* Webservice.swift */,
			);
			path = Services;
			sourceTree = "<group>";
		};
/* End PBXGroup section */

/* Begin PBXNativeTarget section */
		1B21A58928CA59210060B598 /* AbuelitosABP */ = {
			isa = PBXNativeTarget;
			buildConfigurationList = 1B21A59D28CA59240060B598 /* Build configuration list for PBXNativeTarget "AbuelitosABP" */;
			buildPhases = (
				1B21A58628CA59210060B598 /* Sources */,
				1B21A58728CA59210060B598 /* Frameworks */,
				1B21A58828CA59210060B598 /* Resources */,
			);
			buildRules = (
			);
			dependencies = (
			);
			name = AbuelitosABP;
			packageProductDependencies = (
				1BE8CF4828FE1E4900BC3E22 /* Alamofire */,
				1BE8CF4B28FE1E5C00BC3E22 /* SwiftyJSON */,
				1BE8CF4E28FE1E6F00BC3E22 /* Kingfisher */,
			);
			productName = AbuelitosABP;
			productReference = 1B21A58A28CA59210060B598 /* AbuelitosABP.app */;
			productType = "com.apple.product-type.application";
		};
/* End PBXNativeTarget section */

/* Begin PBXProject section */
		1B21A58228CA59210060B598 /* Project object */ = {
			isa = PBXProject;
			attributes = {
				BuildIndependentTargetsInParallel = 1;
				LastSwiftUpdateCheck = 1340;
				LastUpgradeCheck = 1340;
				TargetAttributes = {
					1B21A58928CA59210060B598 = {
						CreatedOnToolsVersion = 13.4.1;
					};
				};
			};
			buildConfigurationList = 1B21A58528CA59210060B598 /* Build configuration list for PBXProject "AbuelitosABP" */;
			compatibilityVersion = "Xcode 13.0";
			developmentRegion = en;
			hasScannedForEncodings = 0;
			knownRegions = (
				en,
				Base,
			);
			mainGroup = 1B21A58128CA59210060B598;
			packageReferences = (
				1BE8CF4728FE1E4900BC3E22 /* XCRemoteSwiftPackageReference "Alamofire" */,
				1BE8CF4A28FE1E5C00BC3E22 /* XCRemoteSwiftPackageReference "SwiftyJSON" */,
				1BE8CF4D28FE1E6E00BC3E22 /* XCRemoteSwiftPackageReference "Kingfisher" */,
			);
			productRefGroup = 1B21A58B28CA59210060B598 /* Products */;
			projectDirPath = "";
			projectRoot = "";
			targets = (
				1B21A58928CA59210060B598 /* AbuelitosABP */,
			);
		};
/* End PBXProject section */

/* Begin PBXResourcesBuildPhase section */
		1B21A58828CA59210060B598 /* Resources */ = {
			isa = PBXResourcesBuildPhase;
			buildActionMask = 2147483647;
			files = (
				1B0A08BD28ED359C00A4B190 /* Launch Screen.storyboard in Resources */,
				1B21A59528CA59240060B598 /* Preview Assets.xcassets in Resources */,
				1B21A59228CA59240060B598 /* Assets.xcassets in Resources */,
			);
			runOnlyForDeploymentPostprocessing = 0;
		};
/* End PBXResourcesBuildPhase section */

/* Begin PBXSourcesBuildPhase section */
		1B21A58628CA59210060B598 /* Sources */ = {
			isa = PBXSourcesBuildPhase;
			buildActionMask = 2147483647;
			files = (
				1B200D1228FB588C002A8BBF /* FormularioDatosUbicacionView.swift in Sources */,
				1B2AEEDD28F4DBFB00FF4E8C /* AfectividadView.swift in Sources */,
				1B21A59A28CA59240060B598 /* AbuelitosABP.xcdatamodeld in Sources */,
				1BF3F76E28EB570F009DABCB /* CongratulationsView.swift in Sources */,
				1B700B8228F9BED7000BC1FA /* Enums.swift in Sources */,
				1B700B7528F8F27D000BC1FA /* CoreDataClass.swift in Sources */,
				1B1AFCFD28CEF64E00193CCE /* PruebasView.swift in Sources */,
				1BE8CF5128FE206C00BC3E22 /* Constants.swift in Sources */,
				1B700B7A28F8F613000BC1FA /* JournalListView.swift in Sources */,
				1B07625528DEDA1800E6425C /* ActSocialView.swift in Sources */,
				1B700B8628FB2E82000BC1FA /* FormularioDatosPersonalView.swift in Sources */,
				1B21A59728CA59240060B598 /* Persistence.swift in Sources */,
				1BE8CF5C2900588200BC3E22 /* LoadAllData.swift in Sources */,
				1B700B8028F9BEC6000BC1FA /* Satisfaction.swift in Sources */,
				1B1AFCF528CC35C300193CCE /* RegistroView.swift in Sources */,
				1B200FD028EE5AF0001CC1CF /* CambiarFormularioView.swift in Sources */,
				1BE8CF4428FDFED800BC3E22 /* Webservice.swift in Sources */,
				1B4E9E9B28E51591003A4EC8 /* Prueba.swift in Sources */,
				1B4E9EA228E61613003A4EC8 /* CambiarDatosView.swift in Sources */,
				1B07624D28DE13D900E6425C /* LoginControllerView.swift in Sources */,
				1BE8CF5428FF430500BC3E22 /* RegistroViewModel.swift in Sources */,
				1B07624928DE129400E6425C /* Page.swift in Sources */,
				1BE8CF4628FE143B00BC3E22 /* LoginViewModel.swift in Sources */,
				1B1AFD0528D2AB1500193CCE /* Timer-ViewModel.swift in Sources */,
				1B200FD228EE6157001CC1CF /* RecuperarContrasena2View.swift in Sources */,
				1B07625328DE1FA100E6425C /* ActCognitivaView.swift in Sources */,
				1B1AFCFB28CEA43B00193CCE /* MenuView.swift in Sources */,
				1BE8CF5828FFBCA400BC3E22 /* PatientInfo2Model.swift in Sources */,
				1BE8CF5628FFA2B500BC3E22 /* PatientInfoModel.swift in Sources */,
				1B4E9E9D28E51C52003A4EC8 /* PruebaModel.swift in Sources */,
				1B1AFCF728CD256F00193CCE /* RecuperarContrasenaView.swift in Sources */,
				1B1AFCFF28CFB61600193CCE /* AccountView.swift in Sources */,
				1B700B7728F8F2BA000BC1FA /* CoreDataProperties.swift in Sources */,
				1B1AFD0328D24A2800193CCE /* ActFisicaView.swift in Sources */,
				1B700B7E28F9BEAF000BC1FA /* JournalRowView.swift in Sources */,
				1B700B4428F64457000BC1FA /* ActMovimientoView.swift in Sources */,
				8A16625C28FC7C1300341DAF /* Respuesta.swift in Sources */,
				1B2AEEDA28F4C56500FF4E8C /* DrawingActView.swift in Sources */,
				1B1AFCF928CE3A0300193CCE /* HomeView.swift in Sources */,
				1B07625A28DF9AE200E6425C /* PruebaView.swift in Sources */,
				1B1AFCF028CABDF500193CCE /* LoginView.swift in Sources */,
				1B2AEEDF28F5D1AE00FF4E8C /* KeepItUpView.swift in Sources */,
				1B21A58E28CA59210060B598 /* AbuelitosABPApp.swift in Sources */,
				1B4E9E9F28E523A4003A4EC8 /* PregResp.swift in Sources */,
				1B700B7C28F9BEA6000BC1FA /* JournalDetailView.swift in Sources */,
			);
			runOnlyForDeploymentPostprocessing = 0;
		};
/* End PBXSourcesBuildPhase section */

/* Begin XCBuildConfiguration section */
		1B21A59B28CA59240060B598 /* Debug */ = {
			isa = XCBuildConfiguration;
			buildSettings = {
				ALWAYS_SEARCH_USER_PATHS = NO;
				CLANG_ANALYZER_NONNULL = YES;
				CLANG_ANALYZER_NUMBER_OBJECT_CONVERSION = YES_AGGRESSIVE;
				CLANG_CXX_LANGUAGE_STANDARD = "gnu++17";
				CLANG_ENABLE_MODULES = YES;
				CLANG_ENABLE_OBJC_ARC = YES;
				CLANG_ENABLE_OBJC_WEAK = YES;
				CLANG_WARN_BLOCK_CAPTURE_AUTORELEASING = YES;
				CLANG_WARN_BOOL_CONVERSION = YES;
				CLANG_WARN_COMMA = YES;
				CLANG_WARN_CONSTANT_CONVERSION = YES;
				CLANG_WARN_DEPRECATED_OBJC_IMPLEMENTATIONS = YES;
				CLANG_WARN_DIRECT_OBJC_ISA_USAGE = YES_ERROR;
				CLANG_WARN_DOCUMENTATION_COMMENTS = YES;
				CLANG_WARN_EMPTY_BODY = YES;
				CLANG_WARN_ENUM_CONVERSION = YES;
				CLANG_WARN_INFINITE_RECURSION = YES;
				CLANG_WARN_INT_CONVERSION = YES;
				CLANG_WARN_NON_LITERAL_NULL_CONVERSION = YES;
				CLANG_WARN_OBJC_IMPLICIT_RETAIN_SELF = YES;
				CLANG_WARN_OBJC_LITERAL_CONVERSION = YES;
				CLANG_WARN_OBJC_ROOT_CLASS = YES_ERROR;
				CLANG_WARN_QUOTED_INCLUDE_IN_FRAMEWORK_HEADER = YES;
				CLANG_WARN_RANGE_LOOP_ANALYSIS = YES;
				CLANG_WARN_STRICT_PROTOTYPES = YES;
				CLANG_WARN_SUSPICIOUS_MOVE = YES;
				CLANG_WARN_UNGUARDED_AVAILABILITY = YES_AGGRESSIVE;
				CLANG_WARN_UNREACHABLE_CODE = YES;
				CLANG_WARN__DUPLICATE_METHOD_MATCH = YES;
				COPY_PHASE_STRIP = NO;
				DEBUG_INFORMATION_FORMAT = dwarf;
				ENABLE_STRICT_OBJC_MSGSEND = YES;
				ENABLE_TESTABILITY = YES;
				GCC_C_LANGUAGE_STANDARD = gnu11;
				GCC_DYNAMIC_NO_PIC = NO;
				GCC_NO_COMMON_BLOCKS = YES;
				GCC_OPTIMIZATION_LEVEL = 0;
				GCC_PREPROCESSOR_DEFINITIONS = (
					"DEBUG=1",
					"$(inherited)",
				);
				GCC_WARN_64_TO_32_BIT_CONVERSION = YES;
				GCC_WARN_ABOUT_RETURN_TYPE = YES_ERROR;
				GCC_WARN_UNDECLARED_SELECTOR = YES;
				GCC_WARN_UNINITIALIZED_AUTOS = YES_AGGRESSIVE;
				GCC_WARN_UNUSED_FUNCTION = YES;
				GCC_WARN_UNUSED_VARIABLE = YES;
				IPHONEOS_DEPLOYMENT_TARGET = 15.5;
				MTL_ENABLE_DEBUG_INFO = INCLUDE_SOURCE;
				MTL_FAST_MATH = YES;
				ONLY_ACTIVE_ARCH = YES;
				SDKROOT = iphoneos;
				SWIFT_ACTIVE_COMPILATION_CONDITIONS = DEBUG;
				SWIFT_OPTIMIZATION_LEVEL = "-Onone";
			};
			name = Debug;
		};
		1B21A59C28CA59240060B598 /* Release */ = {
			isa = XCBuildConfiguration;
			buildSettings = {
				ALWAYS_SEARCH_USER_PATHS = NO;
				CLANG_ANALYZER_NONNULL = YES;
				CLANG_ANALYZER_NUMBER_OBJECT_CONVERSION = YES_AGGRESSIVE;
				CLANG_CXX_LANGUAGE_STANDARD = "gnu++17";
				CLANG_ENABLE_MODULES = YES;
				CLANG_ENABLE_OBJC_ARC = YES;
				CLANG_ENABLE_OBJC_WEAK = YES;
				CLANG_WARN_BLOCK_CAPTURE_AUTORELEASING = YES;
				CLANG_WARN_BOOL_CONVERSION = YES;
				CLANG_WARN_COMMA = YES;
				CLANG_WARN_CONSTANT_CONVERSION = YES;
				CLANG_WARN_DEPRECATED_OBJC_IMPLEMENTATIONS = YES;
				CLANG_WARN_DIRECT_OBJC_ISA_USAGE = YES_ERROR;
				CLANG_WARN_DOCUMENTATION_COMMENTS = YES;
				CLANG_WARN_EMPTY_BODY = YES;
				CLANG_WARN_ENUM_CONVERSION = YES;
				CLANG_WARN_INFINITE_RECURSION = YES;
				CLANG_WARN_INT_CONVERSION = YES;
				CLANG_WARN_NON_LITERAL_NULL_CONVERSION = YES;
				CLANG_WARN_OBJC_IMPLICIT_RETAIN_SELF = YES;
				CLANG_WARN_OBJC_LITERAL_CONVERSION = YES;
				CLANG_WARN_OBJC_ROOT_CLASS = YES_ERROR;
				CLANG_WARN_QUOTED_INCLUDE_IN_FRAMEWORK_HEADER = YES;
				CLANG_WARN_RANGE_LOOP_ANALYSIS = YES;
				CLANG_WARN_STRICT_PROTOTYPES = YES;
				CLANG_WARN_SUSPICIOUS_MOVE = YES;
				CLANG_WARN_UNGUARDED_AVAILABILITY = YES_AGGRESSIVE;
				CLANG_WARN_UNREACHABLE_CODE = YES;
				CLANG_WARN__DUPLICATE_METHOD_MATCH = YES;
				COPY_PHASE_STRIP = NO;
				DEBUG_INFORMATION_FORMAT = "dwarf-with-dsym";
				ENABLE_NS_ASSERTIONS = NO;
				ENABLE_STRICT_OBJC_MSGSEND = YES;
				GCC_C_LANGUAGE_STANDARD = gnu11;
				GCC_NO_COMMON_BLOCKS = YES;
				GCC_WARN_64_TO_32_BIT_CONVERSION = YES;
				GCC_WARN_ABOUT_RETURN_TYPE = YES_ERROR;
				GCC_WARN_UNDECLARED_SELECTOR = YES;
				GCC_WARN_UNINITIALIZED_AUTOS = YES_AGGRESSIVE;
				GCC_WARN_UNUSED_FUNCTION = YES;
				GCC_WARN_UNUSED_VARIABLE = YES;
				IPHONEOS_DEPLOYMENT_TARGET = 15.5;
				MTL_ENABLE_DEBUG_INFO = NO;
				MTL_FAST_MATH = YES;
				SDKROOT = iphoneos;
				SWIFT_COMPILATION_MODE = wholemodule;
				SWIFT_OPTIMIZATION_LEVEL = "-O";
				VALIDATE_PRODUCT = YES;
			};
			name = Release;
		};
		1B21A59E28CA59240060B598 /* Debug */ = {
			isa = XCBuildConfiguration;
			buildSettings = {
				ASSETCATALOG_COMPILER_APPICON_NAME = AppIcon;
				ASSETCATALOG_COMPILER_GLOBAL_ACCENT_COLOR_NAME = AccentColor;
				CODE_SIGN_IDENTITY = "Apple Development";
				CODE_SIGN_STYLE = Automatic;
				CURRENT_PROJECT_VERSION = 1;
				DEVELOPMENT_ASSET_PATHS = "\"AbuelitosABP/Preview Content\"";
				DEVELOPMENT_TEAM = HFT8347U46;
				ENABLE_PREVIEWS = YES;
				GENERATE_INFOPLIST_FILE = YES;
				INFOPLIST_FILE = AbuelitosABP/Info.plist;
				INFOPLIST_KEY_UIApplicationSceneManifest_Generation = YES;
				INFOPLIST_KEY_UIApplicationSupportsIndirectInputEvents = YES;
				INFOPLIST_KEY_UILaunchStoryboardName = "Launch Screen";
				INFOPLIST_KEY_UIStatusBarHidden = NO;
				INFOPLIST_KEY_UISupportedInterfaceOrientations = UIInterfaceOrientationPortrait;
				INFOPLIST_KEY_UISupportedInterfaceOrientations_iPad = "UIInterfaceOrientationPortrait UIInterfaceOrientationPortraitUpsideDown UIInterfaceOrientationLandscapeLeft UIInterfaceOrientationLandscapeRight";
				INFOPLIST_KEY_UISupportedInterfaceOrientations_iPhone = "UIInterfaceOrientationPortrait UIInterfaceOrientationLandscapeLeft UIInterfaceOrientationLandscapeRight";
				IPHONEOS_DEPLOYMENT_TARGET = 15.5;
				LD_RUNPATH_SEARCH_PATHS = (
					"$(inherited)",
					"@executable_path/Frameworks",
				);
				MARKETING_VERSION = 1.0;
				PRODUCT_BUNDLE_IDENTIFIER = com.arturogarza.AbuelitosABP;
				PRODUCT_NAME = "$(TARGET_NAME)";
				PROVISIONING_PROFILE_SPECIFIER = "";
				SWIFT_EMIT_LOC_STRINGS = YES;
				SWIFT_VERSION = 5.0;
				TARGETED_DEVICE_FAMILY = "1,2";
			};
			name = Debug;
		};
		1B21A59F28CA59240060B598 /* Release */ = {
			isa = XCBuildConfiguration;
			buildSettings = {
				ASSETCATALOG_COMPILER_APPICON_NAME = AppIcon;
				ASSETCATALOG_COMPILER_GLOBAL_ACCENT_COLOR_NAME = AccentColor;
				CODE_SIGN_IDENTITY = "Apple Development";
				CODE_SIGN_STYLE = Automatic;
				CURRENT_PROJECT_VERSION = 1;
				DEVELOPMENT_ASSET_PATHS = "\"AbuelitosABP/Preview Content\"";
				DEVELOPMENT_TEAM = HFT8347U46;
				ENABLE_PREVIEWS = YES;
				GENERATE_INFOPLIST_FILE = YES;
				INFOPLIST_FILE = AbuelitosABP/Info.plist;
				INFOPLIST_KEY_UIApplicationSceneManifest_Generation = YES;
				INFOPLIST_KEY_UIApplicationSupportsIndirectInputEvents = YES;
				INFOPLIST_KEY_UILaunchStoryboardName = "Launch Screen";
				INFOPLIST_KEY_UIStatusBarHidden = NO;
				INFOPLIST_KEY_UISupportedInterfaceOrientations = UIInterfaceOrientationPortrait;
				INFOPLIST_KEY_UISupportedInterfaceOrientations_iPad = "UIInterfaceOrientationPortrait UIInterfaceOrientationPortraitUpsideDown UIInterfaceOrientationLandscapeLeft UIInterfaceOrientationLandscapeRight";
				INFOPLIST_KEY_UISupportedInterfaceOrientations_iPhone = "UIInterfaceOrientationPortrait UIInterfaceOrientationLandscapeLeft UIInterfaceOrientationLandscapeRight";
				IPHONEOS_DEPLOYMENT_TARGET = 15.5;
				LD_RUNPATH_SEARCH_PATHS = (
					"$(inherited)",
					"@executable_path/Frameworks",
				);
				MARKETING_VERSION = 1.0;
				PRODUCT_BUNDLE_IDENTIFIER = com.arturogarza.AbuelitosABP;
				PRODUCT_NAME = "$(TARGET_NAME)";
				PROVISIONING_PROFILE_SPECIFIER = "";
				SWIFT_EMIT_LOC_STRINGS = YES;
				SWIFT_VERSION = 5.0;
				TARGETED_DEVICE_FAMILY = "1,2";
			};
			name = Release;
		};
/* End XCBuildConfiguration section */

/* Begin XCConfigurationList section */
		1B21A58528CA59210060B598 /* Build configuration list for PBXProject "AbuelitosABP" */ = {
			isa = XCConfigurationList;
			buildConfigurations = (
				1B21A59B28CA59240060B598 /* Debug */,
				1B21A59C28CA59240060B598 /* Release */,
			);
			defaultConfigurationIsVisible = 0;
			defaultConfigurationName = Release;
		};
		1B21A59D28CA59240060B598 /* Build configuration list for PBXNativeTarget "AbuelitosABP" */ = {
			isa = XCConfigurationList;
			buildConfigurations = (
				1B21A59E28CA59240060B598 /* Debug */,
				1B21A59F28CA59240060B598 /* Release */,
			);
			defaultConfigurationIsVisible = 0;
			defaultConfigurationName = Release;
		};
/* End XCConfigurationList section */

/* Begin XCRemoteSwiftPackageReference section */
		1BE8CF4728FE1E4900BC3E22 /* XCRemoteSwiftPackageReference "Alamofire" */ = {
			isa = XCRemoteSwiftPackageReference;
			repositoryURL = "https://github.com/Alamofire/Alamofire.git";
			requirement = {
				branch = master;
				kind = branch;
			};
		};
		1BE8CF4A28FE1E5C00BC3E22 /* XCRemoteSwiftPackageReference "SwiftyJSON" */ = {
			isa = XCRemoteSwiftPackageReference;
			repositoryURL = "https://github.com/SwiftyJSON/SwiftyJSON.git";
			requirement = {
				branch = master;
				kind = branch;
			};
		};
		1BE8CF4D28FE1E6E00BC3E22 /* XCRemoteSwiftPackageReference "Kingfisher" */ = {
			isa = XCRemoteSwiftPackageReference;
			repositoryURL = "https://github.com/onevcat/Kingfisher.git";
			requirement = {
				branch = master;
				kind = branch;
			};
		};
/* End XCRemoteSwiftPackageReference section */

/* Begin XCSwiftPackageProductDependency section */
		1BE8CF4828FE1E4900BC3E22 /* Alamofire */ = {
			isa = XCSwiftPackageProductDependency;
			package = 1BE8CF4728FE1E4900BC3E22 /* XCRemoteSwiftPackageReference "Alamofire" */;
			productName = Alamofire;
		};
		1BE8CF4B28FE1E5C00BC3E22 /* SwiftyJSON */ = {
			isa = XCSwiftPackageProductDependency;
			package = 1BE8CF4A28FE1E5C00BC3E22 /* XCRemoteSwiftPackageReference "SwiftyJSON" */;
			productName = SwiftyJSON;
		};
		1BE8CF4E28FE1E6F00BC3E22 /* Kingfisher */ = {
			isa = XCSwiftPackageProductDependency;
			package = 1BE8CF4D28FE1E6E00BC3E22 /* XCRemoteSwiftPackageReference "Kingfisher" */;
			productName = Kingfisher;
		};
/* End XCSwiftPackageProductDependency section */

/* Begin XCVersionGroup section */
		1B21A59828CA59240060B598 /* AbuelitosABP.xcdatamodeld */ = {
			isa = XCVersionGroup;
			children = (
				1B21A59928CA59240060B598 /* AbuelitosABP.xcdatamodel */,
			);
			currentVersion = 1B21A59928CA59240060B598 /* AbuelitosABP.xcdatamodel */;
			path = AbuelitosABP.xcdatamodeld;
			sourceTree = "<group>";
			versionGroupType = wrapper.xcdatamodel;
		};
/* End XCVersionGroup section */
	};
	rootObject = 1B21A58228CA59210060B598 /* Project object */;
}
